
Microsoft Visual Studio Solution File, Format Version 12.00
# Visual Studio Version 16
VisualStudioVersion = 16.0.29613.14
MinimumVisualStudioVersion = 10.0.40219.1
Project("{FAE04EC0-301F-11D3-BF4B-00C04F79EFBC}") = "Problema 1 General", "Problema 1 General\Problema 1 General.csproj", "{D31E77C0-6512-4452-A66F-75A825388C97}"
EndProject
Global
	GlobalSection(SolutionConfigurationPlatforms) = preSolution
		Debug|Any CPU = Debug|Any CPU
		Release|Any CPU = Release|Any CPU
	EndGlobalSection
	GlobalSection(ProjectConfigurationPlatforms) = postSolution
		{D31E77C0-6512-4452-A66F-75A825388C97}.Debug|Any CPU.ActiveCfg = Debug|Any CPU
		{D31E77C0-6512-4452-A66F-75A825388C97}.Debug|Any CPU.Build.0 = Debug|Any CPU
		{D31E77C0-6512-4452-A66F-75A825388C97}.Release|Any CPU.ActiveCfg = Release|Any CPU
		{D31E77C0-6512-4452-A66F-75A825388C97}.Release|Any CPU.Build.0 = Release|Any CPU
	EndGlobalSection
	GlobalSection(SolutionProperties) = preSolution
		HideSolutionNode = FALSE
	EndGlobalSection
	GlobalSection(ExtensibilityGlobals) = postSolution
		SolutionGuid = {5E4E29CF-0FC3-4751-B71A-61D435D10DB7}
	EndGlobalSection
EndGlobal
